registers:
- name: chan_mask
  description: Sets the mask for the output channels. All combinations are possible.
  address: 0
  size: 8
  default: 0b00000001
  value: 1
- name: clk_readout_src
  description: Selects the frequency of the readout clock
  address: 8
  size: 3
  default: 0b010
  value: 2
- name: 8b_10b_en
  description: Enables the 8b to 10b data clock encoding
  address: 11
  size: 1
  default: 0b1
  value: 1
- name: clk_fast_out
  description: Enables the ClkOutData pad
  address: 12
  size: 1
  default: 0b0
  value: 0
- name: ClkOut_frequency_src
  description:  Selects the frequency of the Clock Out
  address: 13
  size: 3
  default: 0b101
  value: 5
